
Microsoft Visual Studio Solution File, Format Version 12.00
# Visual Studio 15
VisualStudioVersion = 15.0.28010.2003
MinimumVisualStudioVersion = 10.0.40219.1
Project("{FAE04EC0-301F-11D3-BF4B-00C04F79EFBC}") = "RSA_Model", "RSA_Model\RSA_Model.csproj", "{BB2E906E-A1C4-4672-96B0-18241B40B8B7}"
EndProject
Project("{FAE04EC0-301F-11D3-BF4B-00C04F79EFBC}") = "RSA_View", "RSA_View\RSA_View.csproj", "{1127AD91-0CAB-4DA6-8212-BF328ADB380A}"
EndProject
Project("{FAE04EC0-301F-11D3-BF4B-00C04F79EFBC}") = "RSA_ModelTests", "RSA_ModelTests\RSA_ModelTests.csproj", "{61ECE0BB-CAB7-47BA-801B-3E60069FA42E}"
EndProject
Global
	GlobalSection(SolutionConfigurationPlatforms) = preSolution
		Debug|Any CPU = Debug|Any CPU
		Release|Any CPU = Release|Any CPU
	EndGlobalSection
	GlobalSection(ProjectConfigurationPlatforms) = postSolution
		{BB2E906E-A1C4-4672-96B0-18241B40B8B7}.Debug|Any CPU.ActiveCfg = Debug|Any CPU
		{BB2E906E-A1C4-4672-96B0-18241B40B8B7}.Debug|Any CPU.Build.0 = Debug|Any CPU
		{BB2E906E-A1C4-4672-96B0-18241B40B8B7}.Release|Any CPU.ActiveCfg = Release|Any CPU
		{BB2E906E-A1C4-4672-96B0-18241B40B8B7}.Release|Any CPU.Build.0 = Release|Any CPU
		{1127AD91-0CAB-4DA6-8212-BF328ADB380A}.Debug|Any CPU.ActiveCfg = Debug|Any CPU
		{1127AD91-0CAB-4DA6-8212-BF328ADB380A}.Debug|Any CPU.Build.0 = Debug|Any CPU
		{1127AD91-0CAB-4DA6-8212-BF328ADB380A}.Release|Any CPU.ActiveCfg = Release|Any CPU
		{1127AD91-0CAB-4DA6-8212-BF328ADB380A}.Release|Any CPU.Build.0 = Release|Any CPU
		{61ECE0BB-CAB7-47BA-801B-3E60069FA42E}.Debug|Any CPU.ActiveCfg = Debug|Any CPU
		{61ECE0BB-CAB7-47BA-801B-3E60069FA42E}.Debug|Any CPU.Build.0 = Debug|Any CPU
		{61ECE0BB-CAB7-47BA-801B-3E60069FA42E}.Release|Any CPU.ActiveCfg = Release|Any CPU
		{61ECE0BB-CAB7-47BA-801B-3E60069FA42E}.Release|Any CPU.Build.0 = Release|Any CPU
	EndGlobalSection
	GlobalSection(SolutionProperties) = preSolution
		HideSolutionNode = FALSE
	EndGlobalSection
	GlobalSection(ExtensibilityGlobals) = postSolution
		SolutionGuid = {6C8CB423-105F-474A-8149-F58E0F9D757E}
	EndGlobalSection
EndGlobal
